
Microsoft Visual Studio Solution File, Format Version 12.00
# Visual Studio Version 16
VisualStudioVersion = 16.0.29215.179
MinimumVisualStudioVersion = 10.0.40219.1
Project("{FAE04EC0-301F-11D3-BF4B-00C04F79EFBC}") = "DoubleDic", "DoubleDic.csproj", "{2F47BA5B-FEC4-4EBC-A63A-291287B810DE}"
EndProject
Project("{FAE04EC0-301F-11D3-BF4B-00C04F79EFBC}") = "DoubleDic.Test", "..\DoubleDic.Test\DoubleDic.Test.csproj", "{AD5AEF92-2A38-42CD-A0ED-C38707D8BC3C}"
EndProject
Global
	GlobalSection(SolutionConfigurationPlatforms) = preSolution
		Debug|Any CPU = Debug|Any CPU
		Release|Any CPU = Release|Any CPU
	EndGlobalSection
	GlobalSection(ProjectConfigurationPlatforms) = postSolution
		{2F47BA5B-FEC4-4EBC-A63A-291287B810DE}.Debug|Any CPU.ActiveCfg = Debug|Any CPU
		{2F47BA5B-FEC4-4EBC-A63A-291287B810DE}.Debug|Any CPU.Build.0 = Debug|Any CPU
		{2F47BA5B-FEC4-4EBC-A63A-291287B810DE}.Release|Any CPU.ActiveCfg = Release|Any CPU
		{2F47BA5B-FEC4-4EBC-A63A-291287B810DE}.Release|Any CPU.Build.0 = Release|Any CPU
		{AD5AEF92-2A38-42CD-A0ED-C38707D8BC3C}.Debug|Any CPU.ActiveCfg = Debug|Any CPU
		{AD5AEF92-2A38-42CD-A0ED-C38707D8BC3C}.Debug|Any CPU.Build.0 = Debug|Any CPU
		{AD5AEF92-2A38-42CD-A0ED-C38707D8BC3C}.Release|Any CPU.ActiveCfg = Release|Any CPU
		{AD5AEF92-2A38-42CD-A0ED-C38707D8BC3C}.Release|Any CPU.Build.0 = Release|Any CPU
	EndGlobalSection
	GlobalSection(SolutionProperties) = preSolution
		HideSolutionNode = FALSE
	EndGlobalSection
	GlobalSection(ExtensibilityGlobals) = postSolution
		SolutionGuid = {C2210E66-FF0B-4214-8E8E-8CF1D81FC443}
	EndGlobalSection
EndGlobal
